
Microsoft Visual Studio Solution File, Format Version 11.00
# Visual Studio 2010
Project("{FAE04EC0-301F-11D3-BF4B-00C04F79EFBC}") = "Vision", "Vision.csproj", "{9D90783C-D239-48B4-97B5-9D988EB73D27}"
EndProject
Global
	GlobalSection(SolutionConfigurationPlatforms) = preSolution
		Debug|Any CPU = Debug|Any CPU
		Release|Any CPU = Release|Any CPU
	EndGlobalSection
	GlobalSection(ProjectConfigurationPlatforms) = postSolution
		{9D90783C-D239-48B4-97B5-9D988EB73D27}.Debug|Any CPU.ActiveCfg = Debug|Any CPU
		{9D90783C-D239-48B4-97B5-9D988EB73D27}.Debug|Any CPU.Build.0 = Debug|Any CPU
		{9D90783C-D239-48B4-97B5-9D988EB73D27}.Release|Any CPU.ActiveCfg = Release|Any CPU
		{9D90783C-D239-48B4-97B5-9D988EB73D27}.Release|Any CPU.Build.0 = Release|Any CPU
	EndGlobalSection
	GlobalSection(SolutionProperties) = preSolution
		HideSolutionNode = FALSE
	EndGlobalSection
EndGlobal
